
Microsoft Visual Studio Solution File, Format Version 12.00
# Visual Studio 15
VisualStudioVersion = 15.0.27428.2015
MinimumVisualStudioVersion = 10.0.40219.1
Project("{FAE04EC0-301F-11D3-BF4B-00C04F79EFBC}") = "InRealLife_2", "InRealLife_2\InRealLife_2.csproj", "{C210D834-BC19-4BF1-B0D1-5D5922A2DE43}"
EndProject
Project("{FAE04EC0-301F-11D3-BF4B-00C04F79EFBC}") = "DataLayer", "DBComm\DataLayer.csproj", "{F04E1A8E-8876-4F24-9430-8B2EC46E222D}"
EndProject
Project("{FAE04EC0-301F-11D3-BF4B-00C04F79EFBC}") = "Classes", "Classes\Classes.csproj", "{BF73ECEF-CBF1-4404-9E5E-C1E7DABFC204}"
EndProject
Project("{FAE04EC0-301F-11D3-BF4B-00C04F79EFBC}") = "LogicLayerMenuInterfaces", "IRLInterfaces\LogicLayerMenuInterfaces.csproj", "{B22962DF-6DDE-45F6-A80A-F317A35ACCA0}"
EndProject
Project("{FAE04EC0-301F-11D3-BF4B-00C04F79EFBC}") = "LogicLayer", "LogicLayer\LogicLayer.csproj", "{6B5AB8F3-091E-462C-B044-73862B9AC48F}"
EndProject
Project("{FAE04EC0-301F-11D3-BF4B-00C04F79EFBC}") = "DataLayerInterfaces", "DBCommInterfaces\DataLayerInterfaces.csproj", "{69659C1C-6FD6-4297-9D95-F975B33ACFB2}"
EndProject
Project("{FAE04EC0-301F-11D3-BF4B-00C04F79EFBC}") = "ClassInterfaces", "ClassInterfaces\ClassInterfaces.csproj", "{35767B83-2141-4BAD-A1CB-1CAF2EEB6DCA}"
EndProject
Project("{FAE04EC0-301F-11D3-BF4B-00C04F79EFBC}") = "Classes_Tests", "Classes_Tests\Classes_Tests.csproj", "{F6B033F9-E8C6-422D-AF69-3692AE0FDE79}"
EndProject
Project("{FAE04EC0-301F-11D3-BF4B-00C04F79EFBC}") = "LogicLayer_Tests", "LogicLayer_Tests\LogicLayer_Tests.csproj", "{E12CE595-6467-4D84-9264-4AAE0D0D5F58}"
EndProject
Project("{FAE04EC0-301F-11D3-BF4B-00C04F79EFBC}") = "DataLayer_Tests", "DataLayer_Tests\DataLayer_Tests.csproj", "{A293FD8E-C316-49C7-9F7B-05EA58D06E64}"
EndProject
Project("{FAE04EC0-301F-11D3-BF4B-00C04F79EFBC}") = "ClassInterfaces_Tests", "ClassInterfaces_Tests\ClassInterfaces_Tests.csproj", "{61C5DDA9-8CC2-4B6B-B15B-622B78A9E358}"
EndProject
Project("{FAE04EC0-301F-11D3-BF4B-00C04F79EFBC}") = "DataLayerInterfaces_Tests", "DataLayerInterfaces_Tests\DataLayerInterfaces_Tests.csproj", "{91FBFF73-43E3-4252-9CDB-776922000BCA}"
EndProject
Project("{FAE04EC0-301F-11D3-BF4B-00C04F79EFBC}") = "LogicLayerInterfaces_Tests", "LogicLayerInterfaces_Tests\LogicLayerInterfaces_Tests.csproj", "{8C0B092D-72CF-4BA0-B672-867604ACCD8B}"
EndProject
Project("{FAE04EC0-301F-11D3-BF4B-00C04F79EFBC}") = "LogicLayerStageRunEditCreateInterfaces", "LogicLayerStageRunEditCreateInterfaces\LogicLayerStageRunEditCreateInterfaces.csproj", "{89CFB377-12D8-441E-9C61-BA7C96641427}"
EndProject
Global
	GlobalSection(SolutionConfigurationPlatforms) = preSolution
		Debug|Any CPU = Debug|Any CPU
		Release|Any CPU = Release|Any CPU
	EndGlobalSection
	GlobalSection(ProjectConfigurationPlatforms) = postSolution
		{C210D834-BC19-4BF1-B0D1-5D5922A2DE43}.Debug|Any CPU.ActiveCfg = Debug|Any CPU
		{C210D834-BC19-4BF1-B0D1-5D5922A2DE43}.Debug|Any CPU.Build.0 = Debug|Any CPU
		{C210D834-BC19-4BF1-B0D1-5D5922A2DE43}.Release|Any CPU.ActiveCfg = Release|Any CPU
		{C210D834-BC19-4BF1-B0D1-5D5922A2DE43}.Release|Any CPU.Build.0 = Release|Any CPU
		{F04E1A8E-8876-4F24-9430-8B2EC46E222D}.Debug|Any CPU.ActiveCfg = Debug|Any CPU
		{F04E1A8E-8876-4F24-9430-8B2EC46E222D}.Debug|Any CPU.Build.0 = Debug|Any CPU
		{F04E1A8E-8876-4F24-9430-8B2EC46E222D}.Release|Any CPU.ActiveCfg = Release|Any CPU
		{F04E1A8E-8876-4F24-9430-8B2EC46E222D}.Release|Any CPU.Build.0 = Release|Any CPU
		{BF73ECEF-CBF1-4404-9E5E-C1E7DABFC204}.Debug|Any CPU.ActiveCfg = Debug|Any CPU
		{BF73ECEF-CBF1-4404-9E5E-C1E7DABFC204}.Debug|Any CPU.Build.0 = Debug|Any CPU
		{BF73ECEF-CBF1-4404-9E5E-C1E7DABFC204}.Release|Any CPU.ActiveCfg = Release|Any CPU
		{BF73ECEF-CBF1-4404-9E5E-C1E7DABFC204}.Release|Any CPU.Build.0 = Release|Any CPU
		{B22962DF-6DDE-45F6-A80A-F317A35ACCA0}.Debug|Any CPU.ActiveCfg = Debug|Any CPU
		{B22962DF-6DDE-45F6-A80A-F317A35ACCA0}.Debug|Any CPU.Build.0 = Debug|Any CPU
		{B22962DF-6DDE-45F6-A80A-F317A35ACCA0}.Release|Any CPU.ActiveCfg = Release|Any CPU
		{B22962DF-6DDE-45F6-A80A-F317A35ACCA0}.Release|Any CPU.Build.0 = Release|Any CPU
		{6B5AB8F3-091E-462C-B044-73862B9AC48F}.Debug|Any CPU.ActiveCfg = Debug|Any CPU
		{6B5AB8F3-091E-462C-B044-73862B9AC48F}.Debug|Any CPU.Build.0 = Debug|Any CPU
		{6B5AB8F3-091E-462C-B044-73862B9AC48F}.Release|Any CPU.ActiveCfg = Release|Any CPU
		{6B5AB8F3-091E-462C-B044-73862B9AC48F}.Release|Any CPU.Build.0 = Release|Any CPU
		{69659C1C-6FD6-4297-9D95-F975B33ACFB2}.Debug|Any CPU.ActiveCfg = Debug|Any CPU
		{69659C1C-6FD6-4297-9D95-F975B33ACFB2}.Debug|Any CPU.Build.0 = Debug|Any CPU
		{69659C1C-6FD6-4297-9D95-F975B33ACFB2}.Release|Any CPU.ActiveCfg = Release|Any CPU
		{69659C1C-6FD6-4297-9D95-F975B33ACFB2}.Release|Any CPU.Build.0 = Release|Any CPU
		{35767B83-2141-4BAD-A1CB-1CAF2EEB6DCA}.Debug|Any CPU.ActiveCfg = Debug|Any CPU
		{35767B83-2141-4BAD-A1CB-1CAF2EEB6DCA}.Debug|Any CPU.Build.0 = Debug|Any CPU
		{35767B83-2141-4BAD-A1CB-1CAF2EEB6DCA}.Release|Any CPU.ActiveCfg = Release|Any CPU
		{35767B83-2141-4BAD-A1CB-1CAF2EEB6DCA}.Release|Any CPU.Build.0 = Release|Any CPU
		{F6B033F9-E8C6-422D-AF69-3692AE0FDE79}.Debug|Any CPU.ActiveCfg = Debug|Any CPU
		{F6B033F9-E8C6-422D-AF69-3692AE0FDE79}.Debug|Any CPU.Build.0 = Debug|Any CPU
		{F6B033F9-E8C6-422D-AF69-3692AE0FDE79}.Release|Any CPU.ActiveCfg = Release|Any CPU
		{F6B033F9-E8C6-422D-AF69-3692AE0FDE79}.Release|Any CPU.Build.0 = Release|Any CPU
		{E12CE595-6467-4D84-9264-4AAE0D0D5F58}.Debug|Any CPU.ActiveCfg = Debug|Any CPU
		{E12CE595-6467-4D84-9264-4AAE0D0D5F58}.Debug|Any CPU.Build.0 = Debug|Any CPU
		{E12CE595-6467-4D84-9264-4AAE0D0D5F58}.Release|Any CPU.ActiveCfg = Release|Any CPU
		{E12CE595-6467-4D84-9264-4AAE0D0D5F58}.Release|Any CPU.Build.0 = Release|Any CPU
		{A293FD8E-C316-49C7-9F7B-05EA58D06E64}.Debug|Any CPU.ActiveCfg = Debug|Any CPU
		{A293FD8E-C316-49C7-9F7B-05EA58D06E64}.Debug|Any CPU.Build.0 = Debug|Any CPU
		{A293FD8E-C316-49C7-9F7B-05EA58D06E64}.Release|Any CPU.ActiveCfg = Release|Any CPU
		{A293FD8E-C316-49C7-9F7B-05EA58D06E64}.Release|Any CPU.Build.0 = Release|Any CPU
		{61C5DDA9-8CC2-4B6B-B15B-622B78A9E358}.Debug|Any CPU.ActiveCfg = Debug|Any CPU
		{61C5DDA9-8CC2-4B6B-B15B-622B78A9E358}.Debug|Any CPU.Build.0 = Debug|Any CPU
		{61C5DDA9-8CC2-4B6B-B15B-622B78A9E358}.Release|Any CPU.ActiveCfg = Release|Any CPU
		{61C5DDA9-8CC2-4B6B-B15B-622B78A9E358}.Release|Any CPU.Build.0 = Release|Any CPU
		{91FBFF73-43E3-4252-9CDB-776922000BCA}.Debug|Any CPU.ActiveCfg = Debug|Any CPU
		{91FBFF73-43E3-4252-9CDB-776922000BCA}.Debug|Any CPU.Build.0 = Debug|Any CPU
		{91FBFF73-43E3-4252-9CDB-776922000BCA}.Release|Any CPU.ActiveCfg = Release|Any CPU
		{91FBFF73-43E3-4252-9CDB-776922000BCA}.Release|Any CPU.Build.0 = Release|Any CPU
		{8C0B092D-72CF-4BA0-B672-867604ACCD8B}.Debug|Any CPU.ActiveCfg = Debug|Any CPU
		{8C0B092D-72CF-4BA0-B672-867604ACCD8B}.Debug|Any CPU.Build.0 = Debug|Any CPU
		{8C0B092D-72CF-4BA0-B672-867604ACCD8B}.Release|Any CPU.ActiveCfg = Release|Any CPU
		{8C0B092D-72CF-4BA0-B672-867604ACCD8B}.Release|Any CPU.Build.0 = Release|Any CPU
		{89CFB377-12D8-441E-9C61-BA7C96641427}.Debug|Any CPU.ActiveCfg = Debug|Any CPU
		{89CFB377-12D8-441E-9C61-BA7C96641427}.Debug|Any CPU.Build.0 = Debug|Any CPU
		{89CFB377-12D8-441E-9C61-BA7C96641427}.Release|Any CPU.ActiveCfg = Release|Any CPU
		{89CFB377-12D8-441E-9C61-BA7C96641427}.Release|Any CPU.Build.0 = Release|Any CPU
	EndGlobalSection
	GlobalSection(SolutionProperties) = preSolution
		HideSolutionNode = FALSE
	EndGlobalSection
	GlobalSection(ExtensibilityGlobals) = postSolution
		SolutionGuid = {D7B03589-AC1F-4A17-B165-A5659755DFE7}
	EndGlobalSection
EndGlobal
